// !$*UTF8*$!
{
	archiveVersion = 1;
	classes = {
	};
	objectVersion = 46;
	objects = {

/* Begin PBXBuildFile section */
		7A3D17FD21B026EA00072BE0 /* Exercice_4.swift in Sources */ = {isa = PBXBuildFile; fileRef = 7A3D17FC21B026EA00072BE0 /* Exercice_4.swift */; };
		7A3D17FF21B0379100072BE0 /* Exercice_5.swift in Sources */ = {isa = PBXBuildFile; fileRef = 7A3D17FE21B0379100072BE0 /* Exercice_5.swift */; };
		AA1CE60421A597E2005E2F18 /* main.swift in Sources */ = {isa = PBXBuildFile; fileRef = AA1CE60321A597E2005E2F18 /* main.swift */; };
		AA1CE60C21A59899005E2F18 /* Exercice_1.swift in Sources */ = {isa = PBXBuildFile; fileRef = AA1CE60B21A59899005E2F18 /* Exercice_1.swift */; };
		AA1CE60E21A598A3005E2F18 /* Exercice_2.swift in Sources */ = {isa = PBXBuildFile; fileRef = AA1CE60D21A598A3005E2F18 /* Exercice_2.swift */; };
		AA1CE61021A598BF005E2F18 /* Exercice_3.swift in Sources */ = {isa = PBXBuildFile; fileRef = AA1CE60F21A598BF005E2F18 /* Exercice_3.swift */; };
/* End PBXBuildFile section */

/* Begin PBXCopyFilesBuildPhase section */
		AA1CE5FE21A597E1005E2F18 /* CopyFiles */ = {
			isa = PBXCopyFilesBuildPhase;
			buildActionMask = 2147483647;
			dstPath = /usr/share/man/man1/;
			dstSubfolderSpec = 0;
			files = (
			);
			runOnlyForDeploymentPostprocessing = 1;
		};
/* End PBXCopyFilesBuildPhase section */

/* Begin PBXFileReference section */
		7A3D17FC21B026EA00072BE0 /* Exercice_4.swift */ = {isa = PBXFileReference; lastKnownFileType = sourcecode.swift; path = Exercice_4.swift; sourceTree = "<group>"; };
		7A3D17FE21B0379100072BE0 /* Exercice_5.swift */ = {isa = PBXFileReference; lastKnownFileType = sourcecode.swift; path = Exercice_5.swift; sourceTree = "<group>"; };
		AA1CE60021A597E1005E2F18 /* exercice */ = {isa = PBXFileReference; explicitFileType = "compiled.mach-o.executable"; includeInIndex = 0; path = exercice; sourceTree = BUILT_PRODUCTS_DIR; };
		AA1CE60321A597E2005E2F18 /* main.swift */ = {isa = PBXFileReference; lastKnownFileType = sourcecode.swift; path = main.swift; sourceTree = "<group>"; };
		AA1CE60B21A59899005E2F18 /* Exercice_1.swift */ = {isa = PBXFileReference; fileEncoding = 4; lastKnownFileType = sourcecode.swift; path = Exercice_1.swift; sourceTree = "<group>"; };
		AA1CE60D21A598A3005E2F18 /* Exercice_2.swift */ = {isa = PBXFileReference; fileEncoding = 4; lastKnownFileType = sourcecode.swift; path = Exercice_2.swift; sourceTree = "<group>"; };
		AA1CE60F21A598BF005E2F18 /* Exercice_3.swift */ = {isa = PBXFileReference; fileEncoding = 4; lastKnownFileType = sourcecode.swift; path = Exercice_3.swift; sourceTree = "<group>"; };
/* End PBXFileReference section */

/* Begin PBXFrameworksBuildPhase section */
		AA1CE5FD21A597E1005E2F18 /* Frameworks */ = {
			isa = PBXFrameworksBuildPhase;
			buildActionMask = 2147483647;
			files = (
			);
			runOnlyForDeploymentPostprocessing = 0;
		};
/* End PBXFrameworksBuildPhase section */

/* Begin PBXGroup section */
		AA1CE5F721A597E1005E2F18 = {
			isa = PBXGroup;
			children = (
				AA1CE60221A597E1005E2F18 /* exercice */,
				AA1CE60121A597E1005E2F18 /* Products */,
			);
			sourceTree = "<group>";
		};
		AA1CE60121A597E1005E2F18 /* Products */ = {
			isa = PBXGroup;
			children = (
				AA1CE60021A597E1005E2F18 /* exercice */,
			);
			name = Products;
			sourceTree = "<group>";
		};
		AA1CE60221A597E1005E2F18 /* exercice */ = {
			isa = PBXGroup;
			children = (
				AA1CE60B21A59899005E2F18 /* Exercice_1.swift */,
				AA1CE60D21A598A3005E2F18 /* Exercice_2.swift */,
				AA1CE60321A597E2005E2F18 /* main.swift */,
				AA1CE60F21A598BF005E2F18 /* Exercice_3.swift */,
				7A3D17FC21B026EA00072BE0 /* Exercice_4.swift */,
				7A3D17FE21B0379100072BE0 /* Exercice_5.swift */,
			);
			path = exercice;
			sourceTree = "<group>";
		};
/* End PBXGroup section */

/* Begin PBXNativeTarget section */
		AA1CE5FF21A597E1005E2F18 /* exercice */ = {
			isa = PBXNativeTarget;
			buildConfigurationList = AA1CE60721A597E2005E2F18 /* Build configuration list for PBXNativeTarget "exercice" */;
			buildPhases = (
				AA1CE5FC21A597E1005E2F18 /* Sources */,
				AA1CE5FD21A597E1005E2F18 /* Frameworks */,
				AA1CE5FE21A597E1005E2F18 /* CopyFiles */,
			);
			buildRules = (
			);
			dependencies = (
			);
			name = exercice;
			productName = exercice;
			productReference = AA1CE60021A597E1005E2F18 /* exercice */;
			productType = "com.apple.product-type.tool";
		};
/* End PBXNativeTarget section */

/* Begin PBXProject section */
		AA1CE5F821A597E1005E2F18 /* Project object */ = {
			isa = PBXProject;
			attributes = {
				LastSwiftUpdateCheck = 0820;
				LastUpgradeCheck = 0820;
				ORGANIZATIONNAME = Sup;
				TargetAttributes = {
					AA1CE5FF21A597E1005E2F18 = {
						CreatedOnToolsVersion = 8.2.1;
						ProvisioningStyle = Automatic;
					};
				};
			};
			buildConfigurationList = AA1CE5FB21A597E1005E2F18 /* Build configuration list for PBXProject "exercice" */;
			compatibilityVersion = "Xcode 3.2";
			developmentRegion = English;
			hasScannedForEncodings = 0;
			knownRegions = (
				en,
			);
			mainGroup = AA1CE5F721A597E1005E2F18;
			productRefGroup = AA1CE60121A597E1005E2F18 /* Products */;
			projectDirPath = "";
			projectRoot = "";
			targets = (
				AA1CE5FF21A597E1005E2F18 /* exercice */,
			);
		};
/* End PBXProject section */

/* Begin PBXSourcesBuildPhase section */
		AA1CE5FC21A597E1005E2F18 /* Sources */ = {
			isa = PBXSourcesBuildPhase;
			buildActionMask = 2147483647;
			files = (
				AA1CE60421A597E2005E2F18 /* main.swift in Sources */,
				7A3D17FF21B0379100072BE0 /* Exercice_5.swift in Sources */,
				AA1CE61021A598BF005E2F18 /* Exercice_3.swift in Sources */,
				AA1CE60E21A598A3005E2F18 /* Exercice_2.swift in Sources */,
				AA1CE60C21A59899005E2F18 /* Exercice_1.swift in Sources */,
				7A3D17FD21B026EA00072BE0 /* Exercice_4.swift in Sources */,
			);
			runOnlyForDeploymentPostprocessing = 0;
		};
/* End PBXSourcesBuildPhase section */

/* Begin XCBuildConfiguration section */
		AA1CE60521A597E2005E2F18 /* Debug */ = {
			isa = XCBuildConfiguration;
			buildSettings = {
				ALWAYS_SEARCH_USER_PATHS = NO;
				CLANG_ANALYZER_NONNULL = YES;
				CLANG_CXX_LANGUAGE_STANDARD = "gnu++0x";
				CLANG_CXX_LIBRARY = "libc++";
				CLANG_ENABLE_MODULES = YES;
				CLANG_ENABLE_OBJC_ARC = YES;
				CLANG_WARN_BOOL_CONVERSION = YES;
				CLANG_WARN_CONSTANT_CONVERSION = YES;
				CLANG_WARN_DIRECT_OBJC_ISA_USAGE = YES_ERROR;
				CLANG_WARN_DOCUMENTATION_COMMENTS = YES;
				CLANG_WARN_EMPTY_BODY = YES;
				CLANG_WARN_ENUM_CONVERSION = YES;
				CLANG_WARN_INFINITE_RECURSION = YES;
				CLANG_WARN_INT_CONVERSION = YES;
				CLANG_WARN_OBJC_ROOT_CLASS = YES_ERROR;
				CLANG_WARN_SUSPICIOUS_MOVE = YES;
				CLANG_WARN_UNREACHABLE_CODE = YES;
				CLANG_WARN__DUPLICATE_METHOD_MATCH = YES;
				CODE_SIGN_IDENTITY = "-";
				COPY_PHASE_STRIP = NO;
				DEBUG_INFORMATION_FORMAT = dwarf;
				ENABLE_STRICT_OBJC_MSGSEND = YES;
				ENABLE_TESTABILITY = YES;
				GCC_C_LANGUAGE_STANDARD = gnu99;
				GCC_DYNAMIC_NO_PIC = NO;
				GCC_NO_COMMON_BLOCKS = YES;
				GCC_OPTIMIZATION_LEVEL = 0;
				GCC_PREPROCESSOR_DEFINITIONS = (
					"DEBUG=1",
					"$(inherited)",
				);
				GCC_WARN_64_TO_32_BIT_CONVERSION = YES;
				GCC_WARN_ABOUT_RETURN_TYPE = YES_ERROR;
				GCC_WARN_UNDECLARED_SELECTOR = YES;
				GCC_WARN_UNINITIALIZED_AUTOS = YES_AGGRESSIVE;
				GCC_WARN_UNUSED_FUNCTION = YES;
				GCC_WARN_UNUSED_VARIABLE = YES;
				MACOSX_DEPLOYMENT_TARGET = 10.11;
				MTL_ENABLE_DEBUG_INFO = YES;
				ONLY_ACTIVE_ARCH = YES;
				SDKROOT = macosx;
				SWIFT_OPTIMIZATION_LEVEL = "-Onone";
			};
			name = Debug;
		};
		AA1CE60621A597E2005E2F18 /* Release */ = {
			isa = XCBuildConfiguration;
			buildSettings = {
				ALWAYS_SEARCH_USER_PATHS = NO;
				CLANG_ANALYZER_NONNULL = YES;
				CLANG_CXX_LANGUAGE_STANDARD = "gnu++0x";
				CLANG_CXX_LIBRARY = "libc++";
				CLANG_ENABLE_MODULES = YES;
				CLANG_ENABLE_OBJC_ARC = YES;
				CLANG_WARN_BOOL_CONVERSION = YES;
				CLANG_WARN_CONSTANT_CONVERSION = YES;
				CLANG_WARN_DIRECT_OBJC_ISA_USAGE = YES_ERROR;
				CLANG_WARN_DOCUMENTATION_COMMENTS = YES;
				CLANG_WARN_EMPTY_BODY = YES;
				CLANG_WARN_ENUM_CONVERSION = YES;
				CLANG_WARN_INFINITE_RECURSION = YES;
				CLANG_WARN_INT_CONVERSION = YES;
				CLANG_WARN_OBJC_ROOT_CLASS = YES_ERROR;
				CLANG_WARN_SUSPICIOUS_MOVE = YES;
				CLANG_WARN_UNREACHABLE_CODE = YES;
				CLANG_WARN__DUPLICATE_METHOD_MATCH = YES;
				CODE_SIGN_IDENTITY = "-";
				COPY_PHASE_STRIP = NO;
				DEBUG_INFORMATION_FORMAT = "dwarf-with-dsym";
				ENABLE_NS_ASSERTIONS = NO;
				ENABLE_STRICT_OBJC_MSGSEND = YES;
				GCC_C_LANGUAGE_STANDARD = gnu99;
				GCC_NO_COMMON_BLOCKS = YES;
				GCC_WARN_64_TO_32_BIT_CONVERSION = YES;
				GCC_WARN_ABOUT_RETURN_TYPE = YES_ERROR;
				GCC_WARN_UNDECLARED_SELECTOR = YES;
				GCC_WARN_UNINITIALIZED_AUTOS = YES_AGGRESSIVE;
				GCC_WARN_UNUSED_FUNCTION = YES;
				GCC_WARN_UNUSED_VARIABLE = YES;
				MACOSX_DEPLOYMENT_TARGET = 10.11;
				MTL_ENABLE_DEBUG_INFO = NO;
				SDKROOT = macosx;
			};
			name = Release;
		};
		AA1CE60821A597E2005E2F18 /* Debug */ = {
			isa = XCBuildConfiguration;
			buildSettings = {
				PRODUCT_NAME = "$(TARGET_NAME)";
				SWIFT_VERSION = 3.0;
			};
			name = Debug;
		};
		AA1CE60921A597E2005E2F18 /* Release */ = {
			isa = XCBuildConfiguration;
			buildSettings = {
				PRODUCT_NAME = "$(TARGET_NAME)";
				SWIFT_VERSION = 3.0;
			};
			name = Release;
		};
/* End XCBuildConfiguration section */

/* Begin XCConfigurationList section */
		AA1CE5FB21A597E1005E2F18 /* Build configuration list for PBXProject "exercice" */ = {
			isa = XCConfigurationList;
			buildConfigurations = (
				AA1CE60521A597E2005E2F18 /* Debug */,
				AA1CE60621A597E2005E2F18 /* Release */,
			);
			defaultConfigurationIsVisible = 0;
			defaultConfigurationName = Release;
		};
		AA1CE60721A597E2005E2F18 /* Build configuration list for PBXNativeTarget "exercice" */ = {
			isa = XCConfigurationList;
			buildConfigurations = (
				AA1CE60821A597E2005E2F18 /* Debug */,
				AA1CE60921A597E2005E2F18 /* Release */,
			);
			defaultConfigurationIsVisible = 0;
			defaultConfigurationName = Release;
		};
/* End XCConfigurationList section */
	};
	rootObject = AA1CE5F821A597E1005E2F18 /* Project object */;
}
